
Microsoft Visual Studio Solution File, Format Version 12.00
# Visual Studio 15
VisualStudioVersion = 15.0.27703.2018
MinimumVisualStudioVersion = 10.0.40219.1
Project("{FAE04EC0-301F-11D3-BF4B-00C04F79EFBC}") = "JitsAdMob.Android", "JitsAdMob\JitsAdMob.Android\JitsAdMob.Android.csproj", "{3218F011-7307-4964-81ED-EFC184FC7344}"
EndProject
Project("{FAE04EC0-301F-11D3-BF4B-00C04F79EFBC}") = "JitsAdMob", "JitsAdMob\JitsAdMob\JitsAdMob.csproj", "{E5475827-B041-42D7-8827-A3DDE8DDA8A7}"
EndProject
Global
	GlobalSection(SolutionConfigurationPlatforms) = preSolution
		Debug|Any CPU = Debug|Any CPU
		Release|Any CPU = Release|Any CPU
	EndGlobalSection
	GlobalSection(ProjectConfigurationPlatforms) = postSolution
		{3218F011-7307-4964-81ED-EFC184FC7344}.Debug|Any CPU.ActiveCfg = Debug|Any CPU
		{3218F011-7307-4964-81ED-EFC184FC7344}.Debug|Any CPU.Build.0 = Debug|Any CPU
		{3218F011-7307-4964-81ED-EFC184FC7344}.Debug|Any CPU.Deploy.0 = Debug|Any CPU
		{3218F011-7307-4964-81ED-EFC184FC7344}.Release|Any CPU.ActiveCfg = Release|Any CPU
		{3218F011-7307-4964-81ED-EFC184FC7344}.Release|Any CPU.Build.0 = Release|Any CPU
		{3218F011-7307-4964-81ED-EFC184FC7344}.Release|Any CPU.Deploy.0 = Release|Any CPU
		{E5475827-B041-42D7-8827-A3DDE8DDA8A7}.Debug|Any CPU.ActiveCfg = Debug|Any CPU
		{E5475827-B041-42D7-8827-A3DDE8DDA8A7}.Debug|Any CPU.Build.0 = Debug|Any CPU
		{E5475827-B041-42D7-8827-A3DDE8DDA8A7}.Debug|Any CPU.Deploy.0 = Debug|Any CPU
		{E5475827-B041-42D7-8827-A3DDE8DDA8A7}.Release|Any CPU.ActiveCfg = Release|Any CPU
		{E5475827-B041-42D7-8827-A3DDE8DDA8A7}.Release|Any CPU.Build.0 = Release|Any CPU
		{E5475827-B041-42D7-8827-A3DDE8DDA8A7}.Release|Any CPU.Deploy.0 = Release|Any CPU
	EndGlobalSection
	GlobalSection(SolutionProperties) = preSolution
		HideSolutionNode = FALSE
	EndGlobalSection
	GlobalSection(ExtensibilityGlobals) = postSolution
		SolutionGuid = {81E3E070-7393-477E-B20E-8DD53ED079DD}
	EndGlobalSection
EndGlobal
